<Solution>
  <Project Path="ProjectLucy.API/ProjectLucy.API.csproj" />
  <Project Path="ProjectLucy.Application/ProjectLucy.Application.csproj" />
  <Project Path="ProjectLucy.Domain/ProjectLucy.Domain.csproj" />
  <Project Path="ProjectLucy.Infrastructure/ProjectLucy.Infrastructure.csproj" />
  <Project Path="ProjectLucy.Shared/ProjectLucy.Shared.csproj" Id="3230bac2-3912-470e-88e8-2be089c04fc8" />
  <Project Path="ProjectLucy.API.Tests/ProjectLucy.API.Tests.csproj" />
</Solution>
